
Microsoft Visual Studio Solution File, Format Version 12.00
# Visual Studio Version 17
VisualStudioVersion = 17.4.33213.308
MinimumVisualStudioVersion = 10.0.40219.1
Project("{FAE04EC0-301F-11D3-BF4B-00C04F79EFBC}") = "StackDriver", "StackDriver\StackDriver.csproj", "{643F284C-C206-4E3D-9CDB-80B2656B8712}"
EndProject
Global
	GlobalSection(SolutionConfigurationPlatforms) = preSolution
		Debug|Any CPU = Debug|Any CPU
		Release|Any CPU = Release|Any CPU
	EndGlobalSection
	GlobalSection(ProjectConfigurationPlatforms) = postSolution
		{643F284C-C206-4E3D-9CDB-80B2656B8712}.Debug|Any CPU.ActiveCfg = Debug|Any CPU
		{643F284C-C206-4E3D-9CDB-80B2656B8712}.Debug|Any CPU.Build.0 = Debug|Any CPU
		{643F284C-C206-4E3D-9CDB-80B2656B8712}.Release|Any CPU.ActiveCfg = Release|Any CPU
		{643F284C-C206-4E3D-9CDB-80B2656B8712}.Release|Any CPU.Build.0 = Release|Any CPU
	EndGlobalSection
	GlobalSection(SolutionProperties) = preSolution
		HideSolutionNode = FALSE
	EndGlobalSection
	GlobalSection(ExtensibilityGlobals) = postSolution
		SolutionGuid = {8700752C-5993-462E-9A54-33CE5D38EF06}
	EndGlobalSection
EndGlobal
